<?xml version="1.0" encoding="utf-8"?>
<Project ToolsVersion="4.0" xmlns="http://schemas.microsoft.com/developer/msbuild/2003">
  <ItemGroup>
    <Filter Include="Source Files">
      <UniqueIdentifier>{4FC737F1-C7A5-4376-A066-2A32D752A2FF}</UniqueIdentifier>
      <Extensions>cpp;cxx;c;def</Extensions>
    </Filter>
    <Filter Include="Header Files">
      <UniqueIdentifier>{93995380-89BD-4b04-88EB-625FBE52EBFB}</UniqueIdentifier>
      <Extensions>h</Extensions>
    </Filter>
    <Filter Include="Form Files">
      <UniqueIdentifier>{99349809-55BA-4b9d-BF79-8FDBB0286EB3}</UniqueIdentifier>
      <Extensions>ui</Extensions>
    </Filter>
    <Filter Include="Resource Files">
      <UniqueIdentifier>{D9D6E242-F8AF-46E4-B9FD-80ECBC20BA3E}</UniqueIdentifier>
      <Extensions>qrc;*</Extensions>
      <ParseFiles>false</ParseFiles>
    </Filter>
    <Filter Include="Generated Files">
      <UniqueIdentifier>{71ED8ED8-ACB9-4CE9-BBE1-E00B30144E11}</UniqueIdentifier>
      <Extensions>moc;h;cpp</Extensions>
      <SourceControlFiles>False</SourceControlFiles>
    </Filter>
    <Filter Include="Generated Files\Debug">
      <UniqueIdentifier>{d298643a-145b-4db6-93a2-1ad3a0ba1f2c}</UniqueIdentifier>
      <Extensions>cpp;moc</Extensions>
      <SourceControlFiles>False</SourceControlFiles>
    </Filter>
    <Filter Include="Generated Files\Release">
      <UniqueIdentifier>{351df5dc-c244-4fe3-8049-3c02a3dbe0c2}</UniqueIdentifier>
      <Extensions>cpp;moc</Extensions>
      <SourceControlFiles>False</SourceControlFiles>
    </Filter>
    <Filter Include="data">
      <UniqueIdentifier>{f103862c-7667-40e1-bf42-4da88b33f70b}</UniqueIdentifier>
      <Extensions>json</Extensions>
    </Filter>
    <Filter Include="Header Files\Attribute">
      <UniqueIdentifier>{4b06b750-47f7-49ff-909e-f3332a80fdef}</UniqueIdentifier>
    </Filter>
    <Filter Include="Header Files\GUI">
      <UniqueIdentifier>{bdd66445-34ce-4934-99ba-99b9ba7e009b}</UniqueIdentifier>
    </Filter>
    <Filter Include="Header Files\GUI\AttributeView">
      <UniqueIdentifier>{e38b4d8b-db92-4d23-9c41-cbffba865a1e}</UniqueIdentifier>
    </Filter>
    <Filter Include="Header Files\Shader">
      <UniqueIdentifier>{293815de-3e30-4a55-80f7-1976f5405f2f}</UniqueIdentifier>
    </Filter>
    <Filter Include="Header Files\Shader\Utility">
      <UniqueIdentifier>{1715b815-d15b-4dc5-a4ec-19d64ce58a5d}</UniqueIdentifier>
    </Filter>
    <Filter Include="Header Files\Application">
      <UniqueIdentifier>{4e0d981c-83c8-455f-af8e-79008df2bf06}</UniqueIdentifier>
    </Filter>
    <Filter Include="Header Files\Imported">
      <UniqueIdentifier>{d1e1beba-bfbb-4c04-87b5-ba5506b13712}</UniqueIdentifier>
    </Filter>
    <Filter Include="Header Files\Utility">
      <UniqueIdentifier>{ae0340e0-616f-4cf9-8391-06abcd16aec8}</UniqueIdentifier>
    </Filter>
    <Filter Include="Source Files\Attribute">
      <UniqueIdentifier>{8bdf3bde-3a76-49f0-984a-46356b61ab41}</UniqueIdentifier>
    </Filter>
    <Filter Include="Source Files\GUI">
      <UniqueIdentifier>{6b4f3e74-b5dd-451c-8ec1-8ffefe5a18b0}</UniqueIdentifier>
    </Filter>
    <Filter Include="Source Files\Application">
      <UniqueIdentifier>{39445e58-3793-4b34-8ccf-d716e702c31d}</UniqueIdentifier>
    </Filter>
    <Filter Include="Source Files\Imported">
      <UniqueIdentifier>{b687540f-f7a6-4f41-8ea7-83b5c121d7d7}</UniqueIdentifier>
    </Filter>
    <Filter Include="Source Files\Utility">
      <UniqueIdentifier>{4d9e0982-cf97-479e-a971-b79957f9d6e9}</UniqueIdentifier>
    </Filter>
    <Filter Include="Source Files\Shader">
      <UniqueIdentifier>{a7bb80ab-e4dc-40de-a54f-63c0cc6f143a}</UniqueIdentifier>
    </Filter>
    <Filter Include="Source Files\GUI\AttributeView">
      <UniqueIdentifier>{32940ee0-a25a-41f0-ad58-abe7108dbc32}</UniqueIdentifier>
    </Filter>
    <Filter Include="Source Files\Shader\Utility">
      <UniqueIdentifier>{742bf220-85c3-481f-b661-afd234c0566c}</UniqueIdentifier>
    </Filter>
  </ItemGroup>
  <ItemGroup>
    <ClCompile Include="main.cpp">
      <Filter>Source Files</Filter>
    </ClCompile>
    <ClCompile Include="GeneratedFiles\qrc_mainwindow.cpp">
      <Filter>Generated Files</Filter>
    </ClCompile>
    <ClCompile Include="AbstractShader.cpp">
      <Filter>Source Files\Shader</Filter>
    </ClCompile>
    <ClCompile Include="Application.cpp">
      <Filter>Source Files\Application</Filter>
    </ClCompile>
    <ClCompile Include="applicationcommandthread.cpp">
      <Filter>Source Files\Application</Filter>
    </ClCompile>
    <ClCompile Include="applicationframe.cpp">
      <Filter>Source Files\GUI</Filter>
    </ClCompile>
    <ClCompile Include="Camera.cpp">
      <Filter>Source Files\Application</Filter>
    </ClCompile>
    <ClCompile Include="cameraview.cpp">
      <Filter>Source Files\GUI</Filter>
    </ClCompile>
    <ClCompile Include="ConcurrentCommandQueue.cpp">
      <Filter>Source Files\Application</Filter>
    </ClCompile>
    <ClCompile Include="directories.cpp">
      <Filter>Source Files\Utility</Filter>
    </ClCompile>
    <ClCompile Include="FloatAttribute.cpp">
      <Filter>Source Files\Attribute</Filter>
    </ClCompile>
    <ClCompile Include="FloatAttributeView.cpp">
      <Filter>Source Files\GUI\AttributeView</Filter>
    </ClCompile>
    <ClCompile Include="AttributeView.cpp">
      <Filter>Source Files\GUI\AttributeView</Filter>
    </ClCompile>
    <ClCompile Include="IntegerAttribute.cpp">
      <Filter>Source Files\Attribute</Filter>
    </ClCompile>
    <ClCompile Include="IntegerAttributeView.cpp">
      <Filter>Source Files\GUI\AttributeView</Filter>
    </ClCompile>
    <ClCompile Include="lodepng.cpp">
      <Filter>Source Files\Imported</Filter>
    </ClCompile>
    <ClCompile Include="mainwindow.cpp">
      <Filter>Source Files\GUI</Filter>
    </ClCompile>
    <ClCompile Include="Mesh.cpp">
      <Filter>Source Files\Shader\Utility</Filter>
    </ClCompile>
    <ClCompile Include="Shader.cpp">
      <Filter>Source Files\Shader\Utility</Filter>
    </ClCompile>
    <ClCompile Include="Texture.cpp">
      <Filter>Source Files\Shader\Utility</Filter>
    </ClCompile>
    <ClCompile Include="programview.cpp">
      <Filter>Source Files\GUI</Filter>
    </ClCompile>
    <ClCompile Include="VectorAttribute.cpp">
      <Filter>Source Files\Attribute</Filter>
    </ClCompile>
    <ClCompile Include="TestShader.cpp">
      <Filter>Source Files\Shader</Filter>
    </ClCompile>
    <ClCompile Include="Util.cpp">
      <Filter>Source Files\Utility</Filter>
    </ClCompile>
    <ClCompile Include="tiny_obj_loader.cpp">
      <Filter>Source Files\Imported</Filter>
    </ClCompile>
    <ClCompile Include="VectorAttributeView.cpp">
      <Filter>Source Files\GUI\AttributeView</Filter>
    </ClCompile>
    <ClCompile Include="GeneratedFiles\Release\moc_applicationcommandthread.cpp">
      <Filter>Source Files</Filter>
    </ClCompile>
    <ClCompile Include="GeneratedFiles\Release\moc_applicationframe.cpp">
      <Filter>Source Files</Filter>
    </ClCompile>
    <ClCompile Include="GeneratedFiles\Release\moc_cameraview.cpp">
      <Filter>Source Files</Filter>
    </ClCompile>
    <ClCompile Include="GeneratedFiles\Release\moc_mainwindow.cpp">
      <Filter>Source Files</Filter>
    </ClCompile>
    <ClCompile Include="GeneratedFiles\Release\moc_programview.cpp">
      <Filter>Source Files</Filter>
    </ClCompile>
    <ClCompile Include="ScreenSpaceShader.cpp">
      <Filter>Source Files</Filter>
    </ClCompile>
    <ClCompile Include="TextureProjectionShader.cpp">
      <Filter>Source Files</Filter>
    </ClCompile>
  </ItemGroup>
  <ItemGroup>
    <CustomBuild Include="mainwindow.ui">
      <Filter>Form Files</Filter>
    </CustomBuild>
    <CustomBuild Include="mainwindow.qrc">
      <Filter>Resource Files</Filter>
    </CustomBuild>
    <CustomBuild Include="cameraview.ui">
      <Filter>Form Files</Filter>
    </CustomBuild>
    <CustomBuild Include="programview.ui">
      <Filter>Form Files</Filter>
    </CustomBuild>
    <CustomBuild Include="applicationcommandthread.h">
      <Filter>Header Files\Application</Filter>
    </CustomBuild>
    <CustomBuild Include="applicationframe.h">
      <Filter>Header Files\GUI</Filter>
    </CustomBuild>
    <CustomBuild Include="cameraview.h">
      <Filter>Header Files\GUI</Filter>
    </CustomBuild>
    <CustomBuild Include="mainwindow.h">
      <Filter>Header Files\GUI</Filter>
    </CustomBuild>
    <CustomBuild Include="programview.h">
      <Filter>Header Files\GUI</Filter>
    </CustomBuild>
  </ItemGroup>
  <ItemGroup>
    <ClInclude Include="GeneratedFiles\ui_mainwindow.h">
      <Filter>Generated Files</Filter>
    </ClInclude>
    <ClInclude Include="GeneratedFiles\ui_cameraview.h">
      <Filter>Generated Files</Filter>
    </ClInclude>
    <ClInclude Include="GeneratedFiles\ui_programview.h">
      <Filter>Generated Files</Filter>
    </ClInclude>
    <ClInclude Include="AbstractShader.h">
      <Filter>Header Files\Shader</Filter>
    </ClInclude>
    <ClInclude Include="Application.h">
      <Filter>Header Files\Application</Filter>
    </ClInclude>
    <ClInclude Include="Camera.h">
      <Filter>Header Files\Application</Filter>
    </ClInclude>
    <ClInclude Include="ConcurrentCommandQueue.h">
      <Filter>Header Files\Application</Filter>
    </ClInclude>
    <ClInclude Include="RenderData.h">
      <Filter>Header Files\Application</Filter>
    </ClInclude>
    <ClInclude Include="VectorAttribute.h">
      <Filter>Header Files\Attribute</Filter>
    </ClInclude>
    <ClInclude Include="ShaderAttribute.h">
      <Filter>Header Files\Attribute</Filter>
    </ClInclude>
    <ClInclude Include="IntegerAttribute.h">
      <Filter>Header Files\Attribute</Filter>
    </ClInclude>
    <ClInclude Include="FloatAttribute.h">
      <Filter>Header Files\Attribute</Filter>
    </ClInclude>
    <ClInclude Include="glew.h">
      <Filter>Header Files\Imported</Filter>
    </ClInclude>
    <ClInclude Include="directories.h">
      <Filter>Header Files\Utility</Filter>
    </ClInclude>
    <ClInclude Include="glsp_gl_util.h">
      <Filter>Header Files\Shader\Utility</Filter>
    </ClInclude>
    <ClInclude Include="Mesh.h">
      <Filter>Header Files\Shader\Utility</Filter>
    </ClInclude>
    <ClInclude Include="Shader.h">
      <Filter>Header Files\Shader\Utility</Filter>
    </ClInclude>
    <ClInclude Include="Texture.h">
      <Filter>Header Files\Shader\Utility</Filter>
    </ClInclude>
    <ClInclude Include="TextureLoadData.h">
      <Filter>Header Files\Shader\Utility</Filter>
    </ClInclude>
    <ClInclude Include="TestShader.h">
      <Filter>Header Files\Shader</Filter>
    </ClInclude>
    <ClInclude Include="glsp_types.h">
      <Filter>Header Files\Utility</Filter>
    </ClInclude>
    <ClInclude Include="Util.h">
      <Filter>Header Files\Utility</Filter>
    </ClInclude>
    <ClInclude Include="json.h">
      <Filter>Header Files\Imported</Filter>
    </ClInclude>
    <ClInclude Include="lodepng.h">
      <Filter>Header Files\Imported</Filter>
    </ClInclude>
    <ClInclude Include="tiny_obj_loader.h">
      <Filter>Header Files\Imported</Filter>
    </ClInclude>
    <ClInclude Include="AttributeView.h">
      <Filter>Header Files\GUI\AttributeView</Filter>
    </ClInclude>
    <ClInclude Include="FloatAttributeView.h">
      <Filter>Header Files\GUI\AttributeView</Filter>
    </ClInclude>
    <ClInclude Include="IntegerAttributeView.h">
      <Filter>Header Files\GUI\AttributeView</Filter>
    </ClInclude>
    <ClInclude Include="VectorAttributeView.h">
      <Filter>Header Files\GUI\AttributeView</Filter>
    </ClInclude>
    <ClInclude Include="ScreenSpaceShader.h">
      <Filter>Header Files</Filter>
    </ClInclude>
    <ClInclude Include="TextureProjectionShader.h">
      <Filter>Header Files</Filter>
    </ClInclude>
  </ItemGroup>
  <ItemGroup>
    <None Include="data\test_shader.json">
      <Filter>data</Filter>
    </None>
  </ItemGroup>
</Project>